PODS:
  - SwiftLint (0.43.1)
  - Trikot/kword (5.4.0):
    - TRIKOT_FRAMEWORK_NAME
  - TRIKOT_FRAMEWORK_NAME (0.0.1)

DEPENDENCIES:
  - SwiftLint
  - Trikot/kword (from `../../..`)
  - TRIKOT_FRAMEWORK_NAME (from `../common`)

SPEC REPOS:
  trunk:
    - SwiftLint

EXTERNAL SOURCES:
  Trikot:
    :path: "../../.."
  TRIKOT_FRAMEWORK_NAME:
    :path: "../common"

SPEC CHECKSUMS:
  SwiftLint: 99f82d07b837b942dd563c668de129a03fc3fb52
  Trikot: b1a6d5d25cb2c16bda9bfe4fe69f2588f542f644
  TRIKOT_FRAMEWORK_NAME: aa71b46b7932d18cd4254f49ce89bfa45c563167

PODFILE CHECKSUM: cd5b1ad5ff7d13e99dec5f4c7a746099a745e482

COCOAPODS: 1.13.0
