PODS:
  - SwiftLint (0.43.1)
  - Trikot/kword (4.4.0):
    - TRIKOT_FRAMEWORK_NAME
  - TRIKOT_FRAMEWORK_NAME (4.4.0)

DEPENDENCIES:
  - SwiftLint
  - Trikot/kword (from `../../..`)
  - TRIKOT_FRAMEWORK_NAME (from `../common`)

SPEC REPOS:
  trunk:
    - SwiftLint

EXTERNAL SOURCES:
  Trikot:
    :path: "../../.."
  TRIKOT_FRAMEWORK_NAME:
    :path: "../common"

SPEC CHECKSUMS:
  SwiftLint: 99f82d07b837b942dd563c668de129a03fc3fb52
  Trikot: 29c67d491271565a90a851f0173ceaaa81a10838
  TRIKOT_FRAMEWORK_NAME: bf5ea23f5e3ca74c2251074b85357d2317aefc84

PODFILE CHECKSUM: cd5b1ad5ff7d13e99dec5f4c7a746099a745e482

COCOAPODS: 1.12.0
