PODS:
  - Kingfisher (7.10.1)
  - SampleTrikotFrameworkName (6.1.0-SNAPSHOT)
  - SwiftLint (0.52.3)
  - Trikot/kword (6.1.0-SNAPSHOT):
    - SampleTrikotFrameworkName
  - Trikot/viewmodels.declarative.flow (6.1.0-SNAPSHOT):
    - SampleTrikotFrameworkName
  - Trikot/viewmodels.declarative.SwiftUI.flow (6.1.0-SNAPSHOT):
    - Kingfisher (~> 7.10.1)
    - SampleTrikotFrameworkName
    - Trikot/viewmodels.declarative.flow

DEPENDENCIES:
  - SampleTrikotFrameworkName (from `../common`)
  - SwiftLint
  - Trikot/kword (from `../../..`)
  - Trikot/viewmodels.declarative.flow (from `../../..`)
  - Trikot/viewmodels.declarative.SwiftUI.flow (from `../../..`)

SPEC REPOS:
  trunk:
    - Kingfisher
    - SwiftLint

EXTERNAL SOURCES:
  SampleTrikotFrameworkName:
    :path: "../common"
  Trikot:
    :path: "../../.."

SPEC CHECKSUMS:
  Kingfisher: bc5abe80a8e0144537ef1dd5a0b2621b04f7f439
  SampleTrikotFrameworkName: 08041e3b74983c25ac247be37e86b11777298d76
  SwiftLint: 76ec9c62ad369cff2937474cb34c9af3fa270b7b
  Trikot: 2e3e14b931cbd1436e5b2ec62b601e0c312b68db

PODFILE CHECKSUM: 0f8e5d84489357d6111d65c4132c92427642bdec

COCOAPODS: 1.16.2
