PODS:
  - Kingfisher (7.10.1)
  - ReachabilitySwift (5.2.1)
  - SwiftLint (0.52.3)
  - Trikot/http (6.1.0-SNAPSHOT):
    - ReachabilitySwift (~> 5.2)
    - TRIKOT_FRAMEWORK_NAME
  - Trikot/kword (6.1.0-SNAPSHOT):
    - TRIKOT_FRAMEWORK_NAME
  - Trikot/streams (6.1.0-SNAPSHOT):
    - TRIKOT_FRAMEWORK_NAME
  - Trikot/viewmodels.declarative (6.1.0-SNAPSHOT):
    - Trikot/streams
    - TRIKOT_FRAMEWORK_NAME
  - Trikot/viewmodels.declarative.Combine (6.1.0-SNAPSHOT):
    - TRIKOT_FRAMEWORK_NAME
  - Trikot/viewmodels.declarative.SwiftUI (6.1.0-SNAPSHOT):
    - Kingfisher (~> 7.10.1)
    - Trikot/viewmodels.declarative
    - Trikot/viewmodels.declarative.Combine
    - TRIKOT_FRAMEWORK_NAME
  - Trikot/viewmodels.declarative.UIKit (6.1.0-SNAPSHOT):
    - Kingfisher (~> 7.10.1)
    - Trikot/streams
    - Trikot/viewmodels.declarative
    - TRIKOT_FRAMEWORK_NAME
  - TRIKOT_FRAMEWORK_NAME (6.1.0-SNAPSHOT)

DEPENDENCIES:
  - SwiftLint
  - Trikot/http (from `../../..`)
  - Trikot/kword (from `../../..`)
  - Trikot/streams (from `../../..`)
  - Trikot/viewmodels.declarative (from `../../..`)
  - Trikot/viewmodels.declarative.SwiftUI (from `../../..`)
  - Trikot/viewmodels.declarative.UIKit (from `../../..`)
  - TRIKOT_FRAMEWORK_NAME (from `../common`)

SPEC REPOS:
  trunk:
    - Kingfisher
    - ReachabilitySwift
    - SwiftLint

EXTERNAL SOURCES:
  Trikot:
    :path: "../../.."
  TRIKOT_FRAMEWORK_NAME:
    :path: "../common"

SPEC CHECKSUMS:
  Kingfisher: bc5abe80a8e0144537ef1dd5a0b2621b04f7f439
  ReachabilitySwift: 5ae15e16814b5f9ef568963fb2c87aeb49158c66
  SwiftLint: 76ec9c62ad369cff2937474cb34c9af3fa270b7b
  Trikot: ad8e063808dbf7f9c5dd2c3df7b580720ff86a8a
  TRIKOT_FRAMEWORK_NAME: b230b4eca34629c9ae4764c796828ec39851275d

PODFILE CHECKSUM: 8057f57ba2a2db77f33517422839afd5282c408e

COCOAPODS: 1.13.0
