PODS:
  - ReachabilitySwift (5.0.0)
  - SwiftLint (0.43.1)
  - Trikot.http (1.0.1):
    - ReachabilitySwift (~> 5.0)
    - TrikotViewmodelsDeclarativeSample
  - Trikot.kword (0.0.1):
    - TrikotViewmodelsDeclarativeSample
  - Trikot.streams (0.0.1):
    - Trikot.streams/streams (= 0.0.1)
    - TrikotViewmodelsDeclarativeSample
  - Trikot.streams/streams (0.0.1):
    - TrikotViewmodelsDeclarativeSample
  - Trikot.viewmodels.declarative (1.0.0):
    - Trikot.streams
    - Trikot.viewmodels.declarative/Core (= 1.0.0)
    - Trikot.viewmodels.declarative/SwiftUI (= 1.0.0)
    - TrikotViewmodelsDeclarativeSample
  - Trikot.viewmodels.declarative/Core (1.0.0):
    - Trikot.streams
    - TrikotViewmodelsDeclarativeSample
  - Trikot.viewmodels.declarative/SwiftUI (1.0.0):
    - Trikot.streams
    - TrikotViewmodelsDeclarativeSample
  - TrikotViewmodelsDeclarativeSample (1.0.0)

DEPENDENCIES:
  - SwiftLint
  - "Trikot.http (from `git@github.com:mirego/trikot.http.git`, tag `2.2.3`)"
  - "Trikot.kword (from `git@github.com:mirego/trikot.kword.git`, tag `2.3.1`)"
  - "Trikot.streams (from `git@github.com:mirego/trikot.streams.git`, tag `2.2.5`)"
  - Trikot.viewmodels.declarative (from `../..`)
  - TrikotViewmodelsDeclarativeSample (from `../common`)

SPEC REPOS:
  trunk:
    - ReachabilitySwift
    - SwiftLint

EXTERNAL SOURCES:
  Trikot.http:
    :git: "git@github.com:mirego/trikot.http.git"
    :tag: 2.2.3
  Trikot.kword:
    :git: "git@github.com:mirego/trikot.kword.git"
    :tag: 2.3.1
  Trikot.streams:
    :git: "git@github.com:mirego/trikot.streams.git"
    :tag: 2.2.5
  Trikot.viewmodels.declarative:
    :path: "../.."
  TrikotViewmodelsDeclarativeSample:
    :path: "../common"

CHECKOUT OPTIONS:
  Trikot.http:
    :git: "git@github.com:mirego/trikot.http.git"
    :tag: 2.2.3
  Trikot.kword:
    :git: "git@github.com:mirego/trikot.kword.git"
    :tag: 2.3.1
  Trikot.streams:
    :git: "git@github.com:mirego/trikot.streams.git"
    :tag: 2.2.5

SPEC CHECKSUMS:
  ReachabilitySwift: 985039c6f7b23a1da463388634119492ff86c825
  SwiftLint: 99f82d07b837b942dd563c668de129a03fc3fb52
  Trikot.http: cf5e71ad4ce126ddcb275af5fce080f1f550c005
  Trikot.kword: 58dc4fbc7024e5d072b1fd62a26a651e54af374e
  Trikot.streams: 40458deb1c5daa78144c44e8caf64b28be573f32
  Trikot.viewmodels.declarative: ec6fad6fca5bfd23360d8443e007a3a26c0b18d9
  TrikotViewmodelsDeclarativeSample: 4a996ca59e8e83614a51de43e3ac93f5dc24c2a8

PODFILE CHECKSUM: 80e4486cff44d9882057f8ceb21cfeba9c5bb595

COCOAPODS: 1.8.4
