PODS:
  - MetaviewsSample (0.0.1)
  - SwiftLint (0.37.0)
  - Trikot.metaviews (0.0.1):
    - MetaviewsSample
    - Trikot.streams
  - Trikot.streams (0.0.1):
    - MetaviewsSample

DEPENDENCIES:
  - MetaviewsSample (from `../common`)
  - SwiftLint
  - "Trikot.metaviews (from `git@github.com:mirego/trikot.metaviews.git`, tag `0.35.1`)"
  - "Trikot.streams (from `git@github.com:mirego/trikot.streams.git`)"

SPEC REPOS:
  https://github.com/cocoapods/specs.git:
    - SwiftLint

EXTERNAL SOURCES:
  MetaviewsSample:
    :path: "../common"
  Trikot.metaviews:
    :git: "git@github.com:mirego/trikot.metaviews.git"
    :tag: 0.35.1
  Trikot.streams:
    :git: "git@github.com:mirego/trikot.streams.git"

CHECKOUT OPTIONS:
  Trikot.metaviews:
    :git: "git@github.com:mirego/trikot.metaviews.git"
    :tag: 0.35.1
  Trikot.streams:
    :commit: 7487c7da1edd46f74f8c1f7f988bec95fe990580
    :git: "git@github.com:mirego/trikot.streams.git"

SPEC CHECKSUMS:
  MetaviewsSample: a10fe542e55ab42a59fda54d6efa4fb4ec99abb2
  SwiftLint: c078a14d7d7ade75e5507795d185e3da41d844d2
  Trikot.metaviews: 1ba37e30ef599a5a2366b964d57539366018b5c6
  Trikot.streams: 17dcc8d50181f6cdcb2159af98bbac28dbe9c496

PODFILE CHECKSUM: 0ba1c1fa0a1a7ca6c9ced3fb95c162fdd0fc3067

COCOAPODS: 1.7.3
