PODS:
  - SwiftLint (0.42.0)
  - Trikot.streams (0.0.1):
    - Trikot.streams/streams (= 0.0.1)
    - ViewModelsSample
  - Trikot.streams/streams (0.0.1):
    - ViewModelsSample
  - Trikot.viewmodels (0.0.1):
    - Trikot.streams
    - ViewModelsSample
  - ViewModelsSample (0.0.1)

DEPENDENCIES:
  - SwiftLint
  - "Trikot.streams (from `git@github.com:mirego/trikot.streams.git`)"
  - "Trikot.viewmodels (from `git@github.com:mirego/trikot.viewmodels.git`)"
  - ViewModelsSample (from `../common`)

SPEC REPOS:
  https://github.com/cocoapods/specs.git:
    - SwiftLint

EXTERNAL SOURCES:
  Trikot.streams:
    :git: "git@github.com:mirego/trikot.streams.git"
  Trikot.viewmodels:
    :git: "git@github.com:mirego/trikot.viewmodels.git"
  ViewModelsSample:
    :path: "../common"

CHECKOUT OPTIONS:
  Trikot.streams:
    :commit: 77bd2e22dab976ef292d8d7c282e4e3a84dfa384
    :git: "git@github.com:mirego/trikot.streams.git"
  Trikot.viewmodels:
    :commit: e7cb52efb7a28c4dfabf867c4737d9d9013e1932
    :git: "git@github.com:mirego/trikot.viewmodels.git"

SPEC CHECKSUMS:
  SwiftLint: 4fa9579c63416865179bc416f0a92d55f009600d
  Trikot.streams: 495aae8afde3c2c3c5d08124d0e1c0c038108c4d
  Trikot.viewmodels: 68e0bf985360fda5f097a3d3d40aef65cf476ab3
  ViewModelsSample: 29f81b212b7a50e8594c43aba05578c83b8eb4d6

PODFILE CHECKSUM: 2205ff78669d15fd3d2349490c9ff827a892fd2d

COCOAPODS: 1.8.4
