PODS:
  - SwiftLint (0.45.1)
  - Trikot/streams (1.0.0):
    - TRIKOT_FRAMEWORK_NAME
  - Trikot/viewmodels (1.0.0):
    - Trikot/streams
    - TRIKOT_FRAMEWORK_NAME
  - TRIKOT_FRAMEWORK_NAME (1.0.0)

DEPENDENCIES:
  - SwiftLint
  - Trikot/streams (from `../../..`)
  - Trikot/viewmodels (from `../../..`)
  - TRIKOT_FRAMEWORK_NAME (from `../common`)

SPEC REPOS:
  trunk:
    - SwiftLint

EXTERNAL SOURCES:
  Trikot:
    :path: "../../.."
  TRIKOT_FRAMEWORK_NAME:
    :path: "../common"

SPEC CHECKSUMS:
  SwiftLint: 06ac37e4d38c7068e0935bb30cda95f093bec761
  Trikot: 425b8a203be7271fc914cee2bbf85dfac8632dfb
  TRIKOT_FRAMEWORK_NAME: 02e8fb45602ff79ced71be62a8e3da40bf8ca32c

PODFILE CHECKSUM: 34793c5f8bdaafdf285acd42514340f9a0ca815f

COCOAPODS: 1.11.2
