PODS:
  - SwiftLint (0.43.0)
  - Trikot.streams (0.0.1):
    - Trikot.streams/streams (= 0.0.1)
    - ViewModelsSample
  - Trikot.streams/streams (0.0.1):
    - ViewModelsSample
  - Trikot.viewmodels (0.0.1):
    - Trikot.streams
    - ViewModelsSample
  - ViewModelsSample (0.0.1)

DEPENDENCIES:
  - SwiftLint
  - Trikot.streams (from `../../../trikot-streams`)
  - Trikot.viewmodels (from `../../`)
  - ViewModelsSample (from `../common`)

SPEC REPOS:
  trunk:
    - SwiftLint

EXTERNAL SOURCES:
  Trikot.streams:
    :path: "../../../trikot-streams"
  Trikot.viewmodels:
    :path: "../../"
  ViewModelsSample:
    :path: "../common"

SPEC CHECKSUMS:
  SwiftLint: 0c645fdc6feed3e390c1701ab3cc669f88b42752
  Trikot.streams: 495aae8afde3c2c3c5d08124d0e1c0c038108c4d
  Trikot.viewmodels: 4a1fbc4ba79056a03c1d3ac0180b2f944d893ce5
  ViewModelsSample: e388931e5cbba73ee320dcf375addf3bccbd7878

PODFILE CHECKSUM: d4ccb90de260ad50f3cfc75e4c9fecbaefd5cbb8

COCOAPODS: 1.9.3
