PODS:
  - ReachabilitySwift (5.0.0)
  - SwiftLint (0.39.2)
  - Trikot.http (1.0.1):
    - ReachabilitySwift (~> 5.0)
    - TrikotFrameworkName
  - Trikot.kword (0.0.1):
    - TrikotFrameworkName
  - Trikot.streams (0.0.1):
    - Trikot.streams/streams (= 0.0.1)
    - TrikotFrameworkName
  - Trikot.streams/streams (0.0.1):
    - TrikotFrameworkName
  - Trikot.viewmodels (0.0.1):
    - Trikot.streams
    - TrikotFrameworkName
  - TrikotFrameworkName (0.0.1)

DEPENDENCIES:
  - SwiftLint
  - "Trikot.http (from `git@github.com:mirego/trikot.http.git`, tag `2.1.0`)"
  - "Trikot.kword (from `git@github.com:mirego/trikot.kword.git`, tag `2.1.0`)"
  - "Trikot.streams (from `git@github.com:mirego/trikot.streams.git`, tag `2.1.0`)"
  - "Trikot.viewmodels (from `git@github.com:mirego/trikot.viewmodels.git`, tag `2.1.1`)"
  - TrikotFrameworkName (from `../common`)

SPEC REPOS:
  trunk:
    - ReachabilitySwift
    - SwiftLint

EXTERNAL SOURCES:
  Trikot.http:
    :git: "git@github.com:mirego/trikot.http.git"
    :tag: 2.1.0
  Trikot.kword:
    :git: "git@github.com:mirego/trikot.kword.git"
    :tag: 2.1.0
  Trikot.streams:
    :git: "git@github.com:mirego/trikot.streams.git"
    :tag: 2.1.0
  Trikot.viewmodels:
    :git: "git@github.com:mirego/trikot.viewmodels.git"
    :tag: 2.1.1
  TrikotFrameworkName:
    :path: "../common"

CHECKOUT OPTIONS:
  Trikot.http:
    :git: "git@github.com:mirego/trikot.http.git"
    :tag: 2.1.0
  Trikot.kword:
    :git: "git@github.com:mirego/trikot.kword.git"
    :tag: 2.1.0
  Trikot.streams:
    :git: "git@github.com:mirego/trikot.streams.git"
    :tag: 2.1.0
  Trikot.viewmodels:
    :git: "git@github.com:mirego/trikot.viewmodels.git"
    :tag: 2.1.1

SPEC CHECKSUMS:
  ReachabilitySwift: 985039c6f7b23a1da463388634119492ff86c825
  SwiftLint: 22ccbbe3b8008684be5955693bab135e0ed6a447
  Trikot.http: 2fcf5186775821d299a8b9dd4afab8a0038d37e9
  Trikot.kword: 4021e56410368c6227bcd2cf7cfac6986135ea26
  Trikot.streams: 4f392f5594d360c83926d0e53155d84d6bfb2aa1
  Trikot.viewmodels: 4c97c08e0b5c0de970601cc479f347fb613f7c28
  TrikotFrameworkName: e7784bc239a138d44a680bf58ac8cd46290906cf

PODFILE CHECKSUM: b9ccad5e96ff5809604e1a6bef2bb822100ba41f

COCOAPODS: 1.8.4
