PODS:
  - ReachabilitySwift (4.3.1)
  - SwiftLint (0.34.0)
  - Trikot.http (0.0.1):
    - ReachabilitySwift (~> 4.3.1)
    - TrikotFrameworkName
  - Trikot.kword (0.0.1):
    - TrikotFrameworkName
  - Trikot.metaviews (0.0.1):
    - Trikot.streams
    - TrikotFrameworkName
  - Trikot.streams (0.0.1):
    - TrikotFrameworkName
  - TrikotFrameworkName (0.0.1)

DEPENDENCIES:
  - SwiftLint
  - "Trikot.http (from `git@github.com:mirego/trikot.http.git`)"
  - "Trikot.kword (from `git@github.com:mirego/trikot.kword.git`)"
  - "Trikot.metaviews (from `git@github.com:mirego/trikot.metaviews.git`)"
  - "Trikot.streams (from `git@github.com:mirego/trikot.streams.git`)"
  - TrikotFrameworkName (from `../common`)

SPEC REPOS:
  https://github.com/cocoapods/specs.git:
    - ReachabilitySwift
    - SwiftLint

EXTERNAL SOURCES:
  Trikot.http:
    :git: "git@github.com:mirego/trikot.http.git"
  Trikot.kword:
    :git: "git@github.com:mirego/trikot.kword.git"
  Trikot.metaviews:
    :git: "git@github.com:mirego/trikot.metaviews.git"
  Trikot.streams:
    :git: "git@github.com:mirego/trikot.streams.git"
  TrikotFrameworkName:
    :path: "../common"

CHECKOUT OPTIONS:
  Trikot.http:
    :commit: 7a7a709e27c59dc3dc9ff0837391fe322915493e
    :git: "git@github.com:mirego/trikot.http.git"
  Trikot.kword:
    :commit: 21a5b1da042ca7768ba6f645c4bed8170826e6ec
    :git: "git@github.com:mirego/trikot.kword.git"
  Trikot.metaviews:
    :commit: 645a6c4726af74e8acf18b1526aa67fcc4be0455
    :git: "git@github.com:mirego/trikot.metaviews.git"
  Trikot.streams:
    :commit: 814c88fe399f24aed91ed2263bf45e92e106c3bc
    :git: "git@github.com:mirego/trikot.streams.git"

SPEC CHECKSUMS:
  ReachabilitySwift: 4032e2f59586e11e3b0ebe15b167abdd587a388b
  SwiftLint: 79d48a17c6565dc286c37efb8322c7b450f95c67
  Trikot.http: b024e370f089add121ec1aa580e1939d365d998c
  Trikot.kword: 4021e56410368c6227bcd2cf7cfac6986135ea26
  Trikot.metaviews: b0cad572c2643a98357fb1a621630f7efc4a4e77
  Trikot.streams: 08e0de7d1bfb22eb7531cb01a88e3a19cd50d6c8
  TrikotFrameworkName: 230c3900b9910a375138afc18bfc12fb0f86163d

PODFILE CHECKSUM: 37dee959b61d60f7757758133c8cf96bbb15d1b0

COCOAPODS: 1.7.3
